
Microsoft Visual Studio Solution File, Format Version 12.00
# Visual Studio 15
VisualStudioVersion = 15.0.26124.0
MinimumVisualStudioVersion = 15.0.26124.0
Project("{FAE04EC0-301F-11D3-BF4B-00C04F79EFBC}") = "MyMusic.Api", "MyMusic.Api\MyMusic.Api.csproj", "{89D12C97-68E8-4551-9F1D-B528A651DEFC}"
EndProject
Project("{FAE04EC0-301F-11D3-BF4B-00C04F79EFBC}") = "MyMusic.Core", "MyMusic.Core\MyMusic.Core.csproj", "{7B4DB509-B887-4E71-A7C8-68F57F999408}"
EndProject
Project("{FAE04EC0-301F-11D3-BF4B-00C04F79EFBC}") = "MyMusic.Data", "MyMusic.Data\MyMusic.Data.csproj", "{3C8E5A83-8A70-40E4-BA01-64D63BD11D33}"
EndProject
Project("{FAE04EC0-301F-11D3-BF4B-00C04F79EFBC}") = "MyMusic.Services", "MyMusic.Services\MyMusic.Services.csproj", "{49B64521-B7BD-4346-BAE4-773716E70522}"
EndProject
Global
	GlobalSection(SolutionConfigurationPlatforms) = preSolution
		Debug|Any CPU = Debug|Any CPU
		Debug|x64 = Debug|x64
		Debug|x86 = Debug|x86
		Release|Any CPU = Release|Any CPU
		Release|x64 = Release|x64
		Release|x86 = Release|x86
	EndGlobalSection
	GlobalSection(SolutionProperties) = preSolution
		HideSolutionNode = FALSE
	EndGlobalSection
	GlobalSection(ProjectConfigurationPlatforms) = postSolution
		{89D12C97-68E8-4551-9F1D-B528A651DEFC}.Debug|Any CPU.ActiveCfg = Debug|Any CPU
		{89D12C97-68E8-4551-9F1D-B528A651DEFC}.Debug|Any CPU.Build.0 = Debug|Any CPU
		{89D12C97-68E8-4551-9F1D-B528A651DEFC}.Debug|x64.ActiveCfg = Debug|Any CPU
		{89D12C97-68E8-4551-9F1D-B528A651DEFC}.Debug|x64.Build.0 = Debug|Any CPU
		{89D12C97-68E8-4551-9F1D-B528A651DEFC}.Debug|x86.ActiveCfg = Debug|Any CPU
		{89D12C97-68E8-4551-9F1D-B528A651DEFC}.Debug|x86.Build.0 = Debug|Any CPU
		{89D12C97-68E8-4551-9F1D-B528A651DEFC}.Release|Any CPU.ActiveCfg = Release|Any CPU
		{89D12C97-68E8-4551-9F1D-B528A651DEFC}.Release|Any CPU.Build.0 = Release|Any CPU
		{89D12C97-68E8-4551-9F1D-B528A651DEFC}.Release|x64.ActiveCfg = Release|Any CPU
		{89D12C97-68E8-4551-9F1D-B528A651DEFC}.Release|x64.Build.0 = Release|Any CPU
		{89D12C97-68E8-4551-9F1D-B528A651DEFC}.Release|x86.ActiveCfg = Release|Any CPU
		{89D12C97-68E8-4551-9F1D-B528A651DEFC}.Release|x86.Build.0 = Release|Any CPU
		{7B4DB509-B887-4E71-A7C8-68F57F999408}.Debug|Any CPU.ActiveCfg = Debug|Any CPU
		{7B4DB509-B887-4E71-A7C8-68F57F999408}.Debug|Any CPU.Build.0 = Debug|Any CPU
		{7B4DB509-B887-4E71-A7C8-68F57F999408}.Debug|x64.ActiveCfg = Debug|Any CPU
		{7B4DB509-B887-4E71-A7C8-68F57F999408}.Debug|x64.Build.0 = Debug|Any CPU
		{7B4DB509-B887-4E71-A7C8-68F57F999408}.Debug|x86.ActiveCfg = Debug|Any CPU
		{7B4DB509-B887-4E71-A7C8-68F57F999408}.Debug|x86.Build.0 = Debug|Any CPU
		{7B4DB509-B887-4E71-A7C8-68F57F999408}.Release|Any CPU.ActiveCfg = Release|Any CPU
		{7B4DB509-B887-4E71-A7C8-68F57F999408}.Release|Any CPU.Build.0 = Release|Any CPU
		{7B4DB509-B887-4E71-A7C8-68F57F999408}.Release|x64.ActiveCfg = Release|Any CPU
		{7B4DB509-B887-4E71-A7C8-68F57F999408}.Release|x64.Build.0 = Release|Any CPU
		{7B4DB509-B887-4E71-A7C8-68F57F999408}.Release|x86.ActiveCfg = Release|Any CPU
		{7B4DB509-B887-4E71-A7C8-68F57F999408}.Release|x86.Build.0 = Release|Any CPU
		{3C8E5A83-8A70-40E4-BA01-64D63BD11D33}.Debug|Any CPU.ActiveCfg = Debug|Any CPU
		{3C8E5A83-8A70-40E4-BA01-64D63BD11D33}.Debug|Any CPU.Build.0 = Debug|Any CPU
		{3C8E5A83-8A70-40E4-BA01-64D63BD11D33}.Debug|x64.ActiveCfg = Debug|Any CPU
		{3C8E5A83-8A70-40E4-BA01-64D63BD11D33}.Debug|x64.Build.0 = Debug|Any CPU
		{3C8E5A83-8A70-40E4-BA01-64D63BD11D33}.Debug|x86.ActiveCfg = Debug|Any CPU
		{3C8E5A83-8A70-40E4-BA01-64D63BD11D33}.Debug|x86.Build.0 = Debug|Any CPU
		{3C8E5A83-8A70-40E4-BA01-64D63BD11D33}.Release|Any CPU.ActiveCfg = Release|Any CPU
		{3C8E5A83-8A70-40E4-BA01-64D63BD11D33}.Release|Any CPU.Build.0 = Release|Any CPU
		{3C8E5A83-8A70-40E4-BA01-64D63BD11D33}.Release|x64.ActiveCfg = Release|Any CPU
		{3C8E5A83-8A70-40E4-BA01-64D63BD11D33}.Release|x64.Build.0 = Release|Any CPU
		{3C8E5A83-8A70-40E4-BA01-64D63BD11D33}.Release|x86.ActiveCfg = Release|Any CPU
		{3C8E5A83-8A70-40E4-BA01-64D63BD11D33}.Release|x86.Build.0 = Release|Any CPU
		{49B64521-B7BD-4346-BAE4-773716E70522}.Debug|Any CPU.ActiveCfg = Debug|Any CPU
		{49B64521-B7BD-4346-BAE4-773716E70522}.Debug|Any CPU.Build.0 = Debug|Any CPU
		{49B64521-B7BD-4346-BAE4-773716E70522}.Debug|x64.ActiveCfg = Debug|Any CPU
		{49B64521-B7BD-4346-BAE4-773716E70522}.Debug|x64.Build.0 = Debug|Any CPU
		{49B64521-B7BD-4346-BAE4-773716E70522}.Debug|x86.ActiveCfg = Debug|Any CPU
		{49B64521-B7BD-4346-BAE4-773716E70522}.Debug|x86.Build.0 = Debug|Any CPU
		{49B64521-B7BD-4346-BAE4-773716E70522}.Release|Any CPU.ActiveCfg = Release|Any CPU
		{49B64521-B7BD-4346-BAE4-773716E70522}.Release|Any CPU.Build.0 = Release|Any CPU
		{49B64521-B7BD-4346-BAE4-773716E70522}.Release|x64.ActiveCfg = Release|Any CPU
		{49B64521-B7BD-4346-BAE4-773716E70522}.Release|x64.Build.0 = Release|Any CPU
		{49B64521-B7BD-4346-BAE4-773716E70522}.Release|x86.ActiveCfg = Release|Any CPU
		{49B64521-B7BD-4346-BAE4-773716E70522}.Release|x86.Build.0 = Release|Any CPU
	EndGlobalSection
EndGlobal
